
Microsoft Visual Studio Solution File, Format Version 12.00
# Visual Studio Version 17
VisualStudioVersion = 17.6.33829.357
MinimumVisualStudioVersion = 10.0.40219.1
Project("{FAE04EC0-301F-11D3-BF4B-00C04F79EFBC}") = "aspnetcore6", "aspnetcore6\aspnetcore6.csproj", "{2DE383C4-B304-4D56-825D-8A13A83634A6}"
EndProject
Global
	GlobalSection(SolutionConfigurationPlatforms) = preSolution
		Debug|Any CPU = Debug|Any CPU
		Release|Any CPU = Release|Any CPU
	EndGlobalSection
	GlobalSection(ProjectConfigurationPlatforms) = postSolution
		{2DE383C4-B304-4D56-825D-8A13A83634A6}.Debug|Any CPU.ActiveCfg = Debug|Any CPU
		{2DE383C4-B304-4D56-825D-8A13A83634A6}.Debug|Any CPU.Build.0 = Debug|Any CPU
		{2DE383C4-B304-4D56-825D-8A13A83634A6}.Release|Any CPU.ActiveCfg = Release|Any CPU
		{2DE383C4-B304-4D56-825D-8A13A83634A6}.Release|Any CPU.Build.0 = Release|Any CPU
	EndGlobalSection
	GlobalSection(SolutionProperties) = preSolution
		HideSolutionNode = FALSE
	EndGlobalSection
	GlobalSection(ExtensibilityGlobals) = postSolution
		SolutionGuid = {76DBB371-7577-4FEC-95D5-A9191E89A359}
	EndGlobalSection
EndGlobal
